
Microsoft Visual Studio Solution File, Format Version 12.00
# Visual Studio Version 16
VisualStudioVersion = 16.0.32228.343
MinimumVisualStudioVersion = 10.0.40219.1
Project("{FAE04EC0-301F-11D3-BF4B-00C04F79EFBC}") = "ECommerceWeb", "ECommerceWeb\ECommerceWeb.csproj", "{D7F19A57-69F2-4EF1-A8BB-46718A805A59}"
EndProject
Project("{FAE04EC0-301F-11D3-BF4B-00C04F79EFBC}") = "API_Service", "API_Service\API_Service.csproj", "{72327177-EE4A-4CF4-851E-7FBE465458EE}"
EndProject
Global
	GlobalSection(SolutionConfigurationPlatforms) = preSolution
		Debug|Any CPU = Debug|Any CPU
		Release|Any CPU = Release|Any CPU
	EndGlobalSection
	GlobalSection(ProjectConfigurationPlatforms) = postSolution
		{D7F19A57-69F2-4EF1-A8BB-46718A805A59}.Debug|Any CPU.ActiveCfg = Debug|Any CPU
		{D7F19A57-69F2-4EF1-A8BB-46718A805A59}.Debug|Any CPU.Build.0 = Debug|Any CPU
		{D7F19A57-69F2-4EF1-A8BB-46718A805A59}.Release|Any CPU.ActiveCfg = Release|Any CPU
		{D7F19A57-69F2-4EF1-A8BB-46718A805A59}.Release|Any CPU.Build.0 = Release|Any CPU
		{72327177-EE4A-4CF4-851E-7FBE465458EE}.Debug|Any CPU.ActiveCfg = Debug|Any CPU
		{72327177-EE4A-4CF4-851E-7FBE465458EE}.Debug|Any CPU.Build.0 = Debug|Any CPU
		{72327177-EE4A-4CF4-851E-7FBE465458EE}.Release|Any CPU.ActiveCfg = Release|Any CPU
		{72327177-EE4A-4CF4-851E-7FBE465458EE}.Release|Any CPU.Build.0 = Release|Any CPU
	EndGlobalSection
	GlobalSection(SolutionProperties) = preSolution
		HideSolutionNode = FALSE
	EndGlobalSection
	GlobalSection(ExtensibilityGlobals) = postSolution
		SolutionGuid = {E48E1655-0932-465F-866C-49BFDAE42DB4}
	EndGlobalSection
EndGlobal
